
Microsoft Visual Studio Solution File, Format Version 12.00
# Visual Studio Version 17
VisualStudioVersion = 17.0.31912.275
MinimumVisualStudioVersion = 10.0.40219.1
Project("{9A19103F-16F7-4668-BE54-9A1E7A4F7556}") = "OrderApp", "OrderApp\OrderApp.csproj", "{5399016A-83B7-460E-84C6-A917285165FC}"
EndProject
Global
	GlobalSection(SolutionConfigurationPlatforms) = preSolution
		Debug|Any CPU = Debug|Any CPU
		Release|Any CPU = Release|Any CPU
	EndGlobalSection
	GlobalSection(ProjectConfigurationPlatforms) = postSolution
		{5399016A-83B7-460E-84C6-A917285165FC}.Debug|Any CPU.ActiveCfg = Debug|Any CPU
		{5399016A-83B7-460E-84C6-A917285165FC}.Debug|Any CPU.Build.0 = Debug|Any CPU
		{5399016A-83B7-460E-84C6-A917285165FC}.Release|Any CPU.ActiveCfg = Release|Any CPU
		{5399016A-83B7-460E-84C6-A917285165FC}.Release|Any CPU.Build.0 = Release|Any CPU
	EndGlobalSection
	GlobalSection(SolutionProperties) = preSolution
		HideSolutionNode = FALSE
	EndGlobalSection
	GlobalSection(ExtensibilityGlobals) = postSolution
		SolutionGuid = {2F61A239-2351-410B-B74C-FD2C0D3D7CB7}
	EndGlobalSection
EndGlobal
